
Microsoft Visual Studio Solution File, Format Version 12.00
# Visual Studio Version 17
VisualStudioVersion = 17.5.33516.290
MinimumVisualStudioVersion = 10.0.40219.1
Project("{9A19103F-16F7-4668-BE54-9A1E7A4F7556}") = "CTC", "CTC\CTC.csproj", "{517234A1-7E5D-47A2-AA24-B3D9CF061DBF}"
EndProject
Project("{FAE04EC0-301F-11D3-BF4B-00C04F79EFBC}") = "Unittests1", "Unittests1\Unittests1.csproj", "{30C80918-D48F-4007-B2E0-82BCAD1BAC6C}"
EndProject
Global
	GlobalSection(SolutionConfigurationPlatforms) = preSolution
		Debug|Any CPU = Debug|Any CPU
		Release|Any CPU = Release|Any CPU
	EndGlobalSection
	GlobalSection(ProjectConfigurationPlatforms) = postSolution
		{517234A1-7E5D-47A2-AA24-B3D9CF061DBF}.Debug|Any CPU.ActiveCfg = Debug|Any CPU
		{517234A1-7E5D-47A2-AA24-B3D9CF061DBF}.Debug|Any CPU.Build.0 = Debug|Any CPU
		{517234A1-7E5D-47A2-AA24-B3D9CF061DBF}.Release|Any CPU.ActiveCfg = Release|Any CPU
		{517234A1-7E5D-47A2-AA24-B3D9CF061DBF}.Release|Any CPU.Build.0 = Release|Any CPU
		{30C80918-D48F-4007-B2E0-82BCAD1BAC6C}.Debug|Any CPU.ActiveCfg = Debug|Any CPU
		{30C80918-D48F-4007-B2E0-82BCAD1BAC6C}.Debug|Any CPU.Build.0 = Debug|Any CPU
		{30C80918-D48F-4007-B2E0-82BCAD1BAC6C}.Release|Any CPU.ActiveCfg = Release|Any CPU
		{30C80918-D48F-4007-B2E0-82BCAD1BAC6C}.Release|Any CPU.Build.0 = Release|Any CPU
	EndGlobalSection
	GlobalSection(SolutionProperties) = preSolution
		HideSolutionNode = FALSE
	EndGlobalSection
	GlobalSection(ExtensibilityGlobals) = postSolution
		SolutionGuid = {4AE4C1ED-36F0-4CF6-8A93-1A77D96CD57F}
	EndGlobalSection
EndGlobal
